// !$*UTF8*$!
{
	archiveVersion = 1;
	classes = {
	};
	objectVersion = 56;
	objects = {

/* Begin PBXBuildFile section */
		63A7E6192A58342500E51BC3 /* CustomListRowView.swift in Sources */ = {isa = PBXBuildFile; fileRef = 63A7E6182A58342500E51BC3 /* CustomListRowView.swift */; };
		63F669F02A505542008DEA69 /* HikeApp.swift in Sources */ = {isa = PBXBuildFile; fileRef = 63F669EF2A505542008DEA69 /* HikeApp.swift */; };
		63F669F22A505542008DEA69 /* ContentView.swift in Sources */ = {isa = PBXBuildFile; fileRef = 63F669F12A505542008DEA69 /* ContentView.swift */; };
		63F669F42A505545008DEA69 /* Assets.xcassets in Resources */ = {isa = PBXBuildFile; fileRef = 63F669F32A505545008DEA69 /* Assets.xcassets */; };
		63F669F72A505545008DEA69 /* Preview Assets.xcassets in Resources */ = {isa = PBXBuildFile; fileRef = 63F669F62A505545008DEA69 /* Preview Assets.xcassets */; };
		63F66A002A5057A3008DEA69 /* CardView.swift in Sources */ = {isa = PBXBuildFile; fileRef = 63F669FF2A5057A3008DEA69 /* CardView.swift */; };
		63F66A032A5057F6008DEA69 /* ColorExtension.swift in Sources */ = {isa = PBXBuildFile; fileRef = 63F66A022A5057F6008DEA69 /* ColorExtension.swift */; };
		63F66A052A505B3F008DEA69 /* CustomBackgroundView.swift in Sources */ = {isa = PBXBuildFile; fileRef = 63F66A042A505B3F008DEA69 /* CustomBackgroundView.swift */; };
		63F66A072A5060D7008DEA69 /* CustomButtonView.swift in Sources */ = {isa = PBXBuildFile; fileRef = 63F66A062A5060D7008DEA69 /* CustomButtonView.swift */; };
		63F66A092A506776008DEA69 /* GradientButton.swift in Sources */ = {isa = PBXBuildFile; fileRef = 63F66A082A506776008DEA69 /* GradientButton.swift */; };
		63F66A0B2A506D54008DEA69 /* CustomCircleView.swift in Sources */ = {isa = PBXBuildFile; fileRef = 63F66A0A2A506D54008DEA69 /* CustomCircleView.swift */; };
		63F66A0D2A506FE2008DEA69 /* MotionAnimationView.swift in Sources */ = {isa = PBXBuildFile; fileRef = 63F66A0C2A506FE2008DEA69 /* MotionAnimationView.swift */; };
		63F66A102A508C0B008DEA69 /* SettingsView.swift in Sources */ = {isa = PBXBuildFile; fileRef = 63F66A0F2A508C0B008DEA69 /* SettingsView.swift */; };
/* End PBXBuildFile section */

/* Begin PBXFileReference section */
		63A7E6182A58342500E51BC3 /* CustomListRowView.swift */ = {isa = PBXFileReference; lastKnownFileType = sourcecode.swift; path = CustomListRowView.swift; sourceTree = "<group>"; };
		63F669EC2A505542008DEA69 /* Hike.app */ = {isa = PBXFileReference; explicitFileType = wrapper.application; includeInIndex = 0; path = Hike.app; sourceTree = BUILT_PRODUCTS_DIR; };
		63F669EF2A505542008DEA69 /* HikeApp.swift */ = {isa = PBXFileReference; lastKnownFileType = sourcecode.swift; path = HikeApp.swift; sourceTree = "<group>"; };
		63F669F12A505542008DEA69 /* ContentView.swift */ = {isa = PBXFileReference; lastKnownFileType = sourcecode.swift; path = ContentView.swift; sourceTree = "<group>"; };
		63F669F32A505545008DEA69 /* Assets.xcassets */ = {isa = PBXFileReference; lastKnownFileType = folder.assetcatalog; path = Assets.xcassets; sourceTree = "<group>"; };
		63F669F62A505545008DEA69 /* Preview Assets.xcassets */ = {isa = PBXFileReference; lastKnownFileType = folder.assetcatalog; path = "Preview Assets.xcassets"; sourceTree = "<group>"; };
		63F669FF2A5057A3008DEA69 /* CardView.swift */ = {isa = PBXFileReference; lastKnownFileType = sourcecode.swift; path = CardView.swift; sourceTree = "<group>"; };
		63F66A022A5057F6008DEA69 /* ColorExtension.swift */ = {isa = PBXFileReference; lastKnownFileType = sourcecode.swift; path = ColorExtension.swift; sourceTree = "<group>"; };
		63F66A042A505B3F008DEA69 /* CustomBackgroundView.swift */ = {isa = PBXFileReference; lastKnownFileType = sourcecode.swift; path = CustomBackgroundView.swift; sourceTree = "<group>"; };
		63F66A062A5060D7008DEA69 /* CustomButtonView.swift */ = {isa = PBXFileReference; lastKnownFileType = sourcecode.swift; path = CustomButtonView.swift; sourceTree = "<group>"; };
		63F66A082A506776008DEA69 /* GradientButton.swift */ = {isa = PBXFileReference; lastKnownFileType = sourcecode.swift; path = GradientButton.swift; sourceTree = "<group>"; };
		63F66A0A2A506D54008DEA69 /* CustomCircleView.swift */ = {isa = PBXFileReference; lastKnownFileType = sourcecode.swift; path = CustomCircleView.swift; sourceTree = "<group>"; };
		63F66A0C2A506FE2008DEA69 /* MotionAnimationView.swift */ = {isa = PBXFileReference; lastKnownFileType = sourcecode.swift; path = MotionAnimationView.swift; sourceTree = "<group>"; };
		63F66A0F2A508C0B008DEA69 /* SettingsView.swift */ = {isa = PBXFileReference; lastKnownFileType = sourcecode.swift; path = SettingsView.swift; sourceTree = "<group>"; };
/* End PBXFileReference section */

/* Begin PBXFrameworksBuildPhase section */
		63F669E92A505542008DEA69 /* Frameworks */ = {
			isa = PBXFrameworksBuildPhase;
			buildActionMask = 2147483647;
			files = (
			);
			runOnlyForDeploymentPostprocessing = 0;
		};
/* End PBXFrameworksBuildPhase section */

/* Begin PBXGroup section */
		63F669E32A505542008DEA69 = {
			isa = PBXGroup;
			children = (
				63F669EE2A505542008DEA69 /* Hike */,
				63F669ED2A505542008DEA69 /* Products */,
			);
			sourceTree = "<group>";
		};
		63F669ED2A505542008DEA69 /* Products */ = {
			isa = PBXGroup;
			children = (
				63F669EC2A505542008DEA69 /* Hike.app */,
			);
			name = Products;
			sourceTree = "<group>";
		};
		63F669EE2A505542008DEA69 /* Hike */ = {
			isa = PBXGroup;
			children = (
				63F669EF2A505542008DEA69 /* HikeApp.swift */,
				63F66A0E2A508BBD008DEA69 /* Screens */,
				63F669FE2A505788008DEA69 /* Component */,
				63F66A012A5057D9008DEA69 /* Utility */,
				63F669F32A505545008DEA69 /* Assets.xcassets */,
				63F669F52A505545008DEA69 /* Preview Content */,
			);
			path = Hike;
			sourceTree = "<group>";
		};
		63F669F52A505545008DEA69 /* Preview Content */ = {
			isa = PBXGroup;
			children = (
				63F669F62A505545008DEA69 /* Preview Assets.xcassets */,
			);
			path = "Preview Content";
			sourceTree = "<group>";
		};
		63F669FE2A505788008DEA69 /* Component */ = {
			isa = PBXGroup;
			children = (
				63F669FF2A5057A3008DEA69 /* CardView.swift */,
				63F66A042A505B3F008DEA69 /* CustomBackgroundView.swift */,
				63F66A062A5060D7008DEA69 /* CustomButtonView.swift */,
				63F66A0A2A506D54008DEA69 /* CustomCircleView.swift */,
				63F66A0C2A506FE2008DEA69 /* MotionAnimationView.swift */,
				63A7E6182A58342500E51BC3 /* CustomListRowView.swift */,
			);
			path = Component;
			sourceTree = "<group>";
		};
		63F66A012A5057D9008DEA69 /* Utility */ = {
			isa = PBXGroup;
			children = (
				63F66A022A5057F6008DEA69 /* ColorExtension.swift */,
				63F66A082A506776008DEA69 /* GradientButton.swift */,
			);
			path = Utility;
			sourceTree = "<group>";
		};
		63F66A0E2A508BBD008DEA69 /* Screens */ = {
			isa = PBXGroup;
			children = (
				63F669F12A505542008DEA69 /* ContentView.swift */,
				63F66A0F2A508C0B008DEA69 /* SettingsView.swift */,
			);
			path = Screens;
			sourceTree = "<group>";
		};
/* End PBXGroup section */

/* Begin PBXNativeTarget section */
		63F669EB2A505542008DEA69 /* Hike */ = {
			isa = PBXNativeTarget;
			buildConfigurationList = 63F669FA2A505545008DEA69 /* Build configuration list for PBXNativeTarget "Hike" */;
			buildPhases = (
				63F669E82A505542008DEA69 /* Sources */,
				63F669E92A505542008DEA69 /* Frameworks */,
				63F669EA2A505542008DEA69 /* Resources */,
			);
			buildRules = (
			);
			dependencies = (
			);
			name = Hike;
			productName = Hike;
			productReference = 63F669EC2A505542008DEA69 /* Hike.app */;
			productType = "com.apple.product-type.application";
		};
/* End PBXNativeTarget section */

/* Begin PBXProject section */
		63F669E42A505542008DEA69 /* Project object */ = {
			isa = PBXProject;
			attributes = {
				BuildIndependentTargetsInParallel = 1;
				LastSwiftUpdateCheck = 1430;
				LastUpgradeCheck = 1430;
				TargetAttributes = {
					63F669EB2A505542008DEA69 = {
						CreatedOnToolsVersion = 14.3.1;
					};
				};
			};
			buildConfigurationList = 63F669E72A505542008DEA69 /* Build configuration list for PBXProject "Hike" */;
			compatibilityVersion = "Xcode 14.0";
			developmentRegion = en;
			hasScannedForEncodings = 0;
			knownRegions = (
				en,
				Base,
			);
			mainGroup = 63F669E32A505542008DEA69;
			productRefGroup = 63F669ED2A505542008DEA69 /* Products */;
			projectDirPath = "";
			projectRoot = "";
			targets = (
				63F669EB2A505542008DEA69 /* Hike */,
			);
		};
/* End PBXProject section */

/* Begin PBXResourcesBuildPhase section */
		63F669EA2A505542008DEA69 /* Resources */ = {
			isa = PBXResourcesBuildPhase;
			buildActionMask = 2147483647;
			files = (
				63F669F72A505545008DEA69 /* Preview Assets.xcassets in Resources */,
				63F669F42A505545008DEA69 /* Assets.xcassets in Resources */,
			);
			runOnlyForDeploymentPostprocessing = 0;
		};
/* End PBXResourcesBuildPhase section */

/* Begin PBXSourcesBuildPhase section */
		63F669E82A505542008DEA69 /* Sources */ = {
			isa = PBXSourcesBuildPhase;
			buildActionMask = 2147483647;
			files = (
				63F66A052A505B3F008DEA69 /* CustomBackgroundView.swift in Sources */,
				63F66A0B2A506D54008DEA69 /* CustomCircleView.swift in Sources */,
				63A7E6192A58342500E51BC3 /* CustomListRowView.swift in Sources */,
				63F669F22A505542008DEA69 /* ContentView.swift in Sources */,
				63F66A002A5057A3008DEA69 /* CardView.swift in Sources */,
				63F66A072A5060D7008DEA69 /* CustomButtonView.swift in Sources */,
				63F66A102A508C0B008DEA69 /* SettingsView.swift in Sources */,
				63F66A092A506776008DEA69 /* GradientButton.swift in Sources */,
				63F66A0D2A506FE2008DEA69 /* MotionAnimationView.swift in Sources */,
				63F669F02A505542008DEA69 /* HikeApp.swift in Sources */,
				63F66A032A5057F6008DEA69 /* ColorExtension.swift in Sources */,
			);
			runOnlyForDeploymentPostprocessing = 0;
		};
/* End PBXSourcesBuildPhase section */

/* Begin XCBuildConfiguration section */
		63F669F82A505545008DEA69 /* Debug */ = {
			isa = XCBuildConfiguration;
			buildSettings = {
				ALWAYS_SEARCH_USER_PATHS = NO;
				CLANG_ANALYZER_NONNULL = YES;
				CLANG_ANALYZER_NUMBER_OBJECT_CONVERSION = YES_AGGRESSIVE;
				CLANG_CXX_LANGUAGE_STANDARD = "gnu++20";
				CLANG_ENABLE_MODULES = YES;
				CLANG_ENABLE_OBJC_ARC = YES;
				CLANG_ENABLE_OBJC_WEAK = YES;
				CLANG_WARN_BLOCK_CAPTURE_AUTORELEASING = YES;
				CLANG_WARN_BOOL_CONVERSION = YES;
				CLANG_WARN_COMMA = YES;
				CLANG_WARN_CONSTANT_CONVERSION = YES;
				CLANG_WARN_DEPRECATED_OBJC_IMPLEMENTATIONS = YES;
				CLANG_WARN_DIRECT_OBJC_ISA_USAGE = YES_ERROR;
				CLANG_WARN_DOCUMENTATION_COMMENTS = YES;
				CLANG_WARN_EMPTY_BODY = YES;
				CLANG_WARN_ENUM_CONVERSION = YES;
				CLANG_WARN_INFINITE_RECURSION = YES;
				CLANG_WARN_INT_CONVERSION = YES;
				CLANG_WARN_NON_LITERAL_NULL_CONVERSION = YES;
				CLANG_WARN_OBJC_IMPLICIT_RETAIN_SELF = YES;
				CLANG_WARN_OBJC_LITERAL_CONVERSION = YES;
				CLANG_WARN_OBJC_ROOT_CLASS = YES_ERROR;
				CLANG_WARN_QUOTED_INCLUDE_IN_FRAMEWORK_HEADER = YES;
				CLANG_WARN_RANGE_LOOP_ANALYSIS = YES;
				CLANG_WARN_STRICT_PROTOTYPES = YES;
				CLANG_WARN_SUSPICIOUS_MOVE = YES;
				CLANG_WARN_UNGUARDED_AVAILABILITY = YES_AGGRESSIVE;
				CLANG_WARN_UNREACHABLE_CODE = YES;
				CLANG_WARN__DUPLICATE_METHOD_MATCH = YES;
				COPY_PHASE_STRIP = NO;
				DEBUG_INFORMATION_FORMAT = dwarf;
				ENABLE_STRICT_OBJC_MSGSEND = YES;
				ENABLE_TESTABILITY = YES;
				GCC_C_LANGUAGE_STANDARD = gnu11;
				GCC_DYNAMIC_NO_PIC = NO;
				GCC_NO_COMMON_BLOCKS = YES;
				GCC_OPTIMIZATION_LEVEL = 0;
				GCC_PREPROCESSOR_DEFINITIONS = (
					"DEBUG=1",
					"$(inherited)",
				);
				GCC_WARN_64_TO_32_BIT_CONVERSION = YES;
				GCC_WARN_ABOUT_RETURN_TYPE = YES_ERROR;
				GCC_WARN_UNDECLARED_SELECTOR = YES;
				GCC_WARN_UNINITIALIZED_AUTOS = YES_AGGRESSIVE;
				GCC_WARN_UNUSED_FUNCTION = YES;
				GCC_WARN_UNUSED_VARIABLE = YES;
				IPHONEOS_DEPLOYMENT_TARGET = 16.4;
				MTL_ENABLE_DEBUG_INFO = INCLUDE_SOURCE;
				MTL_FAST_MATH = YES;
				ONLY_ACTIVE_ARCH = YES;
				SDKROOT = iphoneos;
				SWIFT_ACTIVE_COMPILATION_CONDITIONS = DEBUG;
				SWIFT_OPTIMIZATION_LEVEL = "-Onone";
			};
			name = Debug;
		};
		63F669F92A505545008DEA69 /* Release */ = {
			isa = XCBuildConfiguration;
			buildSettings = {
				ALWAYS_SEARCH_USER_PATHS = NO;
				CLANG_ANALYZER_NONNULL = YES;
				CLANG_ANALYZER_NUMBER_OBJECT_CONVERSION = YES_AGGRESSIVE;
				CLANG_CXX_LANGUAGE_STANDARD = "gnu++20";
				CLANG_ENABLE_MODULES = YES;
				CLANG_ENABLE_OBJC_ARC = YES;
				CLANG_ENABLE_OBJC_WEAK = YES;
				CLANG_WARN_BLOCK_CAPTURE_AUTORELEASING = YES;
				CLANG_WARN_BOOL_CONVERSION = YES;
				CLANG_WARN_COMMA = YES;
				CLANG_WARN_CONSTANT_CONVERSION = YES;
				CLANG_WARN_DEPRECATED_OBJC_IMPLEMENTATIONS = YES;
				CLANG_WARN_DIRECT_OBJC_ISA_USAGE = YES_ERROR;
				CLANG_WARN_DOCUMENTATION_COMMENTS = YES;
				CLANG_WARN_EMPTY_BODY = YES;
				CLANG_WARN_ENUM_CONVERSION = YES;
				CLANG_WARN_INFINITE_RECURSION = YES;
				CLANG_WARN_INT_CONVERSION = YES;
				CLANG_WARN_NON_LITERAL_NULL_CONVERSION = YES;
				CLANG_WARN_OBJC_IMPLICIT_RETAIN_SELF = YES;
				CLANG_WARN_OBJC_LITERAL_CONVERSION = YES;
				CLANG_WARN_OBJC_ROOT_CLASS = YES_ERROR;
				CLANG_WARN_QUOTED_INCLUDE_IN_FRAMEWORK_HEADER = YES;
				CLANG_WARN_RANGE_LOOP_ANALYSIS = YES;
				CLANG_WARN_STRICT_PROTOTYPES = YES;
				CLANG_WARN_SUSPICIOUS_MOVE = YES;
				CLANG_WARN_UNGUARDED_AVAILABILITY = YES_AGGRESSIVE;
				CLANG_WARN_UNREACHABLE_CODE = YES;
				CLANG_WARN__DUPLICATE_METHOD_MATCH = YES;
				COPY_PHASE_STRIP = NO;
				DEBUG_INFORMATION_FORMAT = "dwarf-with-dsym";
				ENABLE_NS_ASSERTIONS = NO;
				ENABLE_STRICT_OBJC_MSGSEND = YES;
				GCC_C_LANGUAGE_STANDARD = gnu11;
				GCC_NO_COMMON_BLOCKS = YES;
				GCC_WARN_64_TO_32_BIT_CONVERSION = YES;
				GCC_WARN_ABOUT_RETURN_TYPE = YES_ERROR;
				GCC_WARN_UNDECLARED_SELECTOR = YES;
				GCC_WARN_UNINITIALIZED_AUTOS = YES_AGGRESSIVE;
				GCC_WARN_UNUSED_FUNCTION = YES;
				GCC_WARN_UNUSED_VARIABLE = YES;
				IPHONEOS_DEPLOYMENT_TARGET = 16.4;
				MTL_ENABLE_DEBUG_INFO = NO;
				MTL_FAST_MATH = YES;
				SDKROOT = iphoneos;
				SWIFT_COMPILATION_MODE = wholemodule;
				SWIFT_OPTIMIZATION_LEVEL = "-O";
				VALIDATE_PRODUCT = YES;
			};
			name = Release;
		};
		63F669FB2A505545008DEA69 /* Debug */ = {
			isa = XCBuildConfiguration;
			buildSettings = {
				ASSETCATALOG_COMPILER_APPICON_NAME = AppIcon;
				ASSETCATALOG_COMPILER_GLOBAL_ACCENT_COLOR_NAME = AccentColor;
				CODE_SIGN_STYLE = Automatic;
				CURRENT_PROJECT_VERSION = 1;
				DEVELOPMENT_ASSET_PATHS = "\"Hike/Preview Content\"";
				DEVELOPMENT_TEAM = 4GT4BFW9QG;
				ENABLE_PREVIEWS = YES;
				GENERATE_INFOPLIST_FILE = YES;
				INFOPLIST_KEY_UIApplicationSceneManifest_Generation = YES;
				INFOPLIST_KEY_UIApplicationSupportsIndirectInputEvents = YES;
				INFOPLIST_KEY_UILaunchScreen_Generation = YES;
				INFOPLIST_KEY_UISupportedInterfaceOrientations_iPad = "UIInterfaceOrientationPortrait UIInterfaceOrientationPortraitUpsideDown UIInterfaceOrientationLandscapeLeft UIInterfaceOrientationLandscapeRight";
				INFOPLIST_KEY_UISupportedInterfaceOrientations_iPhone = "UIInterfaceOrientationPortrait UIInterfaceOrientationLandscapeLeft UIInterfaceOrientationLandscapeRight";
				LD_RUNPATH_SEARCH_PATHS = (
					"$(inherited)",
					"@executable_path/Frameworks",
				);
				MARKETING_VERSION = 1.0;
				PRODUCT_BUNDLE_IDENTIFIER = shehab.org.Hike;
				PRODUCT_NAME = "$(TARGET_NAME)";
				SWIFT_EMIT_LOC_STRINGS = YES;
				SWIFT_VERSION = 5.0;
				TARGETED_DEVICE_FAMILY = "1,2";
			};
			name = Debug;
		};
		63F669FC2A505545008DEA69 /* Release */ = {
			isa = XCBuildConfiguration;
			buildSettings = {
				ASSETCATALOG_COMPILER_APPICON_NAME = AppIcon;
				ASSETCATALOG_COMPILER_GLOBAL_ACCENT_COLOR_NAME = AccentColor;
				CODE_SIGN_STYLE = Automatic;
				CURRENT_PROJECT_VERSION = 1;
				DEVELOPMENT_ASSET_PATHS = "\"Hike/Preview Content\"";
				DEVELOPMENT_TEAM = 4GT4BFW9QG;
				ENABLE_PREVIEWS = YES;
				GENERATE_INFOPLIST_FILE = YES;
				INFOPLIST_KEY_UIApplicationSceneManifest_Generation = YES;
				INFOPLIST_KEY_UIApplicationSupportsIndirectInputEvents = YES;
				INFOPLIST_KEY_UILaunchScreen_Generation = YES;
				INFOPLIST_KEY_UISupportedInterfaceOrientations_iPad = "UIInterfaceOrientationPortrait UIInterfaceOrientationPortraitUpsideDown UIInterfaceOrientationLandscapeLeft UIInterfaceOrientationLandscapeRight";
				INFOPLIST_KEY_UISupportedInterfaceOrientations_iPhone = "UIInterfaceOrientationPortrait UIInterfaceOrientationLandscapeLeft UIInterfaceOrientationLandscapeRight";
				LD_RUNPATH_SEARCH_PATHS = (
					"$(inherited)",
					"@executable_path/Frameworks",
				);
				MARKETING_VERSION = 1.0;
				PRODUCT_BUNDLE_IDENTIFIER = shehab.org.Hike;
				PRODUCT_NAME = "$(TARGET_NAME)";
				SWIFT_EMIT_LOC_STRINGS = YES;
				SWIFT_VERSION = 5.0;
				TARGETED_DEVICE_FAMILY = "1,2";
			};
			name = Release;
		};
/* End XCBuildConfiguration section */

/* Begin XCConfigurationList section */
		63F669E72A505542008DEA69 /* Build configuration list for PBXProject "Hike" */ = {
			isa = XCConfigurationList;
			buildConfigurations = (
				63F669F82A505545008DEA69 /* Debug */,
				63F669F92A505545008DEA69 /* Release */,
			);
			defaultConfigurationIsVisible = 0;
			defaultConfigurationName = Release;
		};
		63F669FA2A505545008DEA69 /* Build configuration list for PBXNativeTarget "Hike" */ = {
			isa = XCConfigurationList;
			buildConfigurations = (
				63F669FB2A505545008DEA69 /* Debug */,
				63F669FC2A505545008DEA69 /* Release */,
			);
			defaultConfigurationIsVisible = 0;
			defaultConfigurationName = Release;
		};
/* End XCConfigurationList section */
	};
	rootObject = 63F669E42A505542008DEA69 /* Project object */;
}
